{
  "version": 4,
  "terraform_version": "1.15.4",
  "serial": 6,
  "lineage": "be881fe0-78aa-5126-0392-9a8151139e13",
  "outputs": {
    "app_url": {
      "value": "http://34.116.236.32",
      "type": "string"
    },
    "public_ip": {
      "value": "34.116.236.32",
      "type": "string"
    }
  },
  "resources": [
    {
      "mode": "managed",
      "type": "google_compute_firewall",
      "name": "app",
      "provider": "provider[\"registry.terraform.io/hashicorp/google\"]",
      "instances": [
        {
          "schema_version": 1,
          "attributes": {
            "allow": [
              {
                "ports": [
                  "22",
                  "80",
                  "8080"
                ],
                "protocol": "tcp"
              }
            ],
            "creation_timestamp": "2026-05-22T14:24:17.190-07:00",
            "deny": [],
            "description": "",
            "destination_ranges": [],
            "direction": "INGRESS",
            "disabled": false,
            "enable_logging": null,
            "id": "projects/project-267303b5-6e26-4ae7-81c/global/firewalls/selenium-demo-firewall",
            "log_config": [],
            "name": "selenium-demo-firewall",
            "network": "https://www.googleapis.com/compute/v1/projects/project-267303b5-6e26-4ae7-81c/global/networks/default",
            "priority": 1000,
            "project": "project-267303b5-6e26-4ae7-81c",
            "self_link": "https://www.googleapis.com/compute/v1/projects/project-267303b5-6e26-4ae7-81c/global/firewalls/selenium-demo-firewall",
            "source_ranges": [
              "0.0.0.0/0"
            ],
            "source_service_accounts": null,
            "source_tags": null,
            "target_service_accounts": null,
            "target_tags": [
              "selenium-demo"
            ],
            "timeouts": null
          },
          "sensitive_attributes": [],
          "identity_schema_version": 0,
          "private": "eyJlMmJmYjczMC1lY2FhLTExZTYtOGY4OC0zNDM2M2JjN2M0YzAiOnsiY3JlYXRlIjoxMjAwMDAwMDAwMDAwLCJkZWxldGUiOjEyMDAwMDAwMDAwMDAsInVwZGF0ZSI6MTIwMDAwMDAwMDAwMH0sInNjaGVtYV92ZXJzaW9uIjoiMSJ9"
        }
      ]
    },
    {
      "mode": "managed",
      "type": "google_compute_instance",
      "name": "app",
      "provider": "provider[\"registry.terraform.io/hashicorp/google\"]",
      "instances": [
        {
          "schema_version": 6,
          "attributes": {
            "advanced_machine_features": [],
            "allow_stopping_for_update": null,
            "attached_disk": [],
            "boot_disk": [
              {
                "auto_delete": true,
                "device_name": "persistent-disk-0",
                "disk_encryption_key_raw": "",
                "disk_encryption_key_sha256": "",
                "initialize_params": [
                  {
                    "enable_confidential_compute": false,
                    "image": "https://www.googleapis.com/compute/v1/projects/ubuntu-os-cloud/global/images/ubuntu-2204-jammy-v20260520",
                    "labels": {},
                    "provisioned_iops": 0,
                    "provisioned_throughput": 0,
                    "resource_manager_tags": null,
                    "size": 20,
                    "storage_pool": "",
                    "type": "pd-standard"
                  }
                ],
                "kms_key_self_link": "",
                "mode": "READ_WRITE",
                "source": "https://www.googleapis.com/compute/v1/projects/project-267303b5-6e26-4ae7-81c/zones/europe-central2-a/disks/selenium-demo"
              }
            ],
            "can_ip_forward": false,
            "confidential_instance_config": [],
            "cpu_platform": "Intel Broadwell",
            "current_status": "RUNNING",
            "deletion_protection": false,
            "description": "",
            "desired_status": null,
            "effective_labels": {},
            "enable_display": false,
            "guest_accelerator": [],
            "hostname": "",
            "id": "projects/project-267303b5-6e26-4ae7-81c/zones/europe-central2-a/instances/selenium-demo",
            "instance_id": "718861379582130028",
            "label_fingerprint": "42WmSpB8rSM=",
            "labels": null,
            "machine_type": "e2-micro",
            "metadata": {
              "ssh-keys": "ubuntu:ssh-ed25519 AAAAC3NzaC1lZDI1NTE5AAAAIH4WzhkTC15xXwpnUx6BSD6naBLYjgicsljTAbpZ8FNV kazimierz.pryk@gmail.com\n",
              "user-data": "#!/bin/bash\nset -e\n\napt-get update\napt-get install -y docker.io docker-compose-v2 git\n\nsystemctl enable docker\nsystemctl start docker\n\nusermod -aG docker ubuntu\n\ngit clone https://github.com/rumburakgit/selenium_demo.git /app\ncd /app\n\ndocker compose up --build -d order-service order-client\n\necho \"Done\" \u003e /var/log/user_data_done.log\n"
            },
            "metadata_fingerprint": "a8Gm-hSNDQ4=",
            "metadata_startup_script": null,
            "min_cpu_platform": "",
            "name": "selenium-demo",
            "network_interface": [
              {
                "access_config": [
                  {
                    "nat_ip": "34.116.236.32",
                    "network_tier": "PREMIUM",
                    "public_ptr_domain_name": ""
                  }
                ],
                "alias_ip_range": [],
                "internal_ipv6_prefix_length": 0,
                "ipv6_access_config": [],
                "ipv6_access_type": "",
                "ipv6_address": "",
                "name": "nic0",
                "network": "https://www.googleapis.com/compute/v1/projects/project-267303b5-6e26-4ae7-81c/global/networks/default",
                "network_ip": "10.186.0.2",
                "nic_type": "",
                "queue_count": 0,
                "stack_type": "IPV4_ONLY",
                "subnetwork": "https://www.googleapis.com/compute/v1/projects/project-267303b5-6e26-4ae7-81c/regions/europe-central2/subnetworks/default",
                "subnetwork_project": "project-267303b5-6e26-4ae7-81c"
              }
            ],
            "network_performance_config": [],
            "params": [],
            "project": "project-267303b5-6e26-4ae7-81c",
            "reservation_affinity": [],
            "resource_policies": null,
            "scheduling": [
              {
                "automatic_restart": true,
                "instance_termination_action": "",
                "local_ssd_recovery_timeout": [],
                "max_run_duration": [],
                "min_node_cpus": 0,
                "node_affinities": [],
                "on_host_maintenance": "MIGRATE",
                "on_instance_stop_action": [],
                "preemptible": false,
                "provisioning_model": "STANDARD"
              }
            ],
            "scratch_disk": [],
            "self_link": "https://www.googleapis.com/compute/v1/projects/project-267303b5-6e26-4ae7-81c/zones/europe-central2-a/instances/selenium-demo",
            "service_account": [],
            "shielded_instance_config": [
              {
                "enable_integrity_monitoring": true,
                "enable_secure_boot": false,
                "enable_vtpm": true
              }
            ],
            "tags": [
              "selenium-demo"
            ],
            "tags_fingerprint": "sJHi1naXDAo=",
            "terraform_labels": {},
            "timeouts": null,
            "zone": "europe-central2-a"
          },
          "sensitive_attributes": [
            [
              {
                "type": "get_attr",
                "value": "boot_disk"
              },
              {
                "type": "index",
                "value": {
                  "value": 0,
                  "type": "number"
                }
              },
              {
                "type": "get_attr",
                "value": "disk_encryption_key_raw"
              }
            ]
          ],
          "identity_schema_version": 0,
          "private": "eyJlMmJmYjczMC1lY2FhLTExZTYtOGY4OC0zNDM2M2JjN2M0YzAiOnsiY3JlYXRlIjoxMjAwMDAwMDAwMDAwLCJkZWxldGUiOjEyMDAwMDAwMDAwMDAsInVwZGF0ZSI6MTIwMDAwMDAwMDAwMH0sInNjaGVtYV92ZXJzaW9uIjoiNiJ9"
        }
      ]
    }
  ],
  "check_results": null
}
